
Microsoft Visual Studio Solution File, Format Version 12.00
# Visual Studio Version 17
VisualStudioVersion = 17.14.36930.0
MinimumVisualStudioVersion = 10.0.40219.1
Project("{FAE04EC0-301F-11D3-BF4B-00C04F79EFBC}") = "CinemaBookingSystem", "CinemaBookingSystem\CinemaBookingSystem.csproj", "{D808E12F-22FA-4094-A1B2-A7B413446CE9}"
EndProject
Global
	GlobalSection(SolutionConfigurationPlatforms) = preSolution
		Debug|Any CPU = Debug|Any CPU
		Release|Any CPU = Release|Any CPU
	EndGlobalSection
	GlobalSection(ProjectConfigurationPlatforms) = postSolution
		{D808E12F-22FA-4094-A1B2-A7B413446CE9}.Debug|Any CPU.ActiveCfg = Debug|Any CPU
		{D808E12F-22FA-4094-A1B2-A7B413446CE9}.Debug|Any CPU.Build.0 = Debug|Any CPU
		{D808E12F-22FA-4094-A1B2-A7B413446CE9}.Release|Any CPU.ActiveCfg = Release|Any CPU
		{D808E12F-22FA-4094-A1B2-A7B413446CE9}.Release|Any CPU.Build.0 = Release|Any CPU
	EndGlobalSection
	GlobalSection(SolutionProperties) = preSolution
		HideSolutionNode = FALSE
	EndGlobalSection
	GlobalSection(ExtensibilityGlobals) = postSolution
		SolutionGuid = {9B5F1762-FB3F-45A0-9E5C-05570BD1E3D2}
	EndGlobalSection
EndGlobal
